
Microsoft Visual Studio Solution File, Format Version 12.00
# Visual Studio Version 17
VisualStudioVersion = 17.2.32602.215
MinimumVisualStudioVersion = 10.0.40219.1
Project("{2150E333-8FDC-42A3-9474-1A3956D46DE8}") = "Sources", "Sources", "{851CB88F-5575-454B-AF6B-FF22DBA9F226}"
EndProject
Project("{9A19103F-16F7-4668-BE54-9A1E7A4F7556}") = "Microsoft.Extensions.Caching.LiteDb", "Sources\Microsoft.Extensions.Caching.LiteDb\Microsoft.Extensions.Caching.LiteDb.csproj", "{F4C6F88D-E835-4771-ADB8-5ACE4C1FAAF0}"
EndProject
Project("{2150E333-8FDC-42A3-9474-1A3956D46DE8}") = "Solution Items", "Solution Items", "{287CBB43-9808-46B5-8637-995488A37E57}"
	ProjectSection(SolutionItems) = preProject
		.editorconfig = .editorconfig
		Directory.Build.props = Directory.Build.props
		global.json = global.json
		nuget.config = nuget.config
	EndProjectSection
EndProject
Project("{9A19103F-16F7-4668-BE54-9A1E7A4F7556}") = "Build", "Build\Build.csproj", "{99A29318-A87C-472E-8D54-C7132FDDFCFC}"
EndProject
Global
	GlobalSection(SolutionConfigurationPlatforms) = preSolution
		Debug|Any CPU = Debug|Any CPU
		Release|Any CPU = Release|Any CPU
	EndGlobalSection
	GlobalSection(ProjectConfigurationPlatforms) = postSolution
		{99A29318-A87C-472E-8D54-C7132FDDFCFC}.Debug|Any CPU.ActiveCfg = Debug|Any CPU
		{99A29318-A87C-472E-8D54-C7132FDDFCFC}.Release|Any CPU.ActiveCfg = Release|Any CPU
		{F4C6F88D-E835-4771-ADB8-5ACE4C1FAAF0}.Debug|Any CPU.ActiveCfg = Debug|Any CPU
		{F4C6F88D-E835-4771-ADB8-5ACE4C1FAAF0}.Debug|Any CPU.Build.0 = Debug|Any CPU
		{F4C6F88D-E835-4771-ADB8-5ACE4C1FAAF0}.Release|Any CPU.ActiveCfg = Release|Any CPU
		{F4C6F88D-E835-4771-ADB8-5ACE4C1FAAF0}.Release|Any CPU.Build.0 = Release|Any CPU
	EndGlobalSection
	GlobalSection(SolutionProperties) = preSolution
		HideSolutionNode = FALSE
	EndGlobalSection
	GlobalSection(NestedProjects) = preSolution
		{F4C6F88D-E835-4771-ADB8-5ACE4C1FAAF0} = {851CB88F-5575-454B-AF6B-FF22DBA9F226}
	EndGlobalSection
	GlobalSection(ExtensibilityGlobals) = postSolution
		SolutionGuid = {1695A934-6C7C-4BE0-AF3A-42D5406C12D5}
	EndGlobalSection
EndGlobal
